
Microsoft Visual Studio Solution File, Format Version 12.00
Project("{FAE04EC0-301F-11D3-BF4B-00C04F79EFBC}") = "ReadMeter", "ReadMeter\ReadMeter.csproj", "{0FDB15E2-8D39-441E-8C04-34E12C90A8CD}"
EndProject
Global
	GlobalSection(SolutionConfigurationPlatforms) = preSolution
		Debug|Any CPU = Debug|Any CPU
		Release|Any CPU = Release|Any CPU
	EndGlobalSection
	GlobalSection(ProjectConfigurationPlatforms) = postSolution
		{0FDB15E2-8D39-441E-8C04-34E12C90A8CD}.Debug|Any CPU.ActiveCfg = Debug|Any CPU
		{0FDB15E2-8D39-441E-8C04-34E12C90A8CD}.Debug|Any CPU.Build.0 = Debug|Any CPU
		{0FDB15E2-8D39-441E-8C04-34E12C90A8CD}.Release|Any CPU.ActiveCfg = Release|Any CPU
		{0FDB15E2-8D39-441E-8C04-34E12C90A8CD}.Release|Any CPU.Build.0 = Release|Any CPU
	EndGlobalSection
EndGlobal
